github.com/bsm/ginkgo/v2 v2.5.0 h1:aOAnND1T40wEdAtkGSkvSICWeQ8L3UASX7YVCqQx+eQ=
github.com/bsm/gomega v1.20.0 h1:JhAwLmtRzXFTx2AkALSLa8ijZafntmhSoU63Ok18Uq8=
github.com/bsm/redislock v0.9.1 h1:uTTZU82xg2PjI8X5T9PGcX/5k1FX3Id7bqkwy1As6c0=
github.com/bsm/redislock v0.9.1/go.mod h1:ToFoB1xQbOJYG7e2ZBiPXotlhImqWgEa4+u/lLQ1nSc=
github.com/capnm/sysinfo v0.0.0-20130621111458-5909a53897f3 h1:IHZ1Le1ejzkmS7Si7dIzJvYDWe+BIoNmqMnfWHBZSVw=
github.com/capnm/sysinfo v0.0.0-20130621111458-5909a53897f3/go.mod h1:M5XHQLu90v2JNm/bW2tdsYar+5vhV0gEcBcmDBNAN1Y=
github.com/cespare/xxhash/v2 v2.2.0 h1:DC2CZ1Ep5Y4k3ZQ899DldepgrayRUGE6BBZ/cd9Cj44=
github.com/cespare/xxhash/v2 v2.2.0/go.mod h1:VGX0DQ3Q6kWi7AoAeZDth3/j3BFtOZR5XLFGgcrjCOs=
github.com/davecgh/go-spew v1.1.0/go.mod h1:J7Y8YcW2NihsgmVo/mv3lAwl/skON4iLHjSsI+c5H38=
github.com/davecgh/go-spew v1.1.1 h1:vj9j/u1bqnvCEfJOwUhtlOARqs3+rkHYY13jYWTU97c=
github.com/dgryski/go-farm v0.0.0-20200201041132-a6ae2369ad13 h1:fAjc9m62+UWV/WAFKLNi6ZS0675eEUC9y3AlwSbQu1Y=
github.com/dgryski/go-farm v0.0.0-20200201041132-a6ae2369ad13/go.mod h1:SqUrOPUnsFjfmXRMNPybcSiG0BgUW2AuFH8PAnS2iTw=
github.com/dgryski/go-rendezvous v0.0.0-20200823014737-9f7001d12a5f h1:lO4WD4F/rVNCu3HqELle0jiPLLBs70cWOduZpkS1E78=
github.com/dgryski/go-rendezvous v0.0.0-20200823014737-9f7001d12a5f/go.mod h1:cuUVRXasLTGF7a8hSLbxyZXjz+1KgoB3wDUb6vlszIc=
github.com/fsnotify/fsnotify v1.4.9 h1:hsms1Qyu0jgnwNXIxa+/V/PDsU6CfLf6CNO8H7IWoS4=
github.com/go-redis/redis_rate/v10 v10.0.1 h1:calPxi7tVlxojKunJwQ72kwfozdy25RjA0bCj1h0MUo=
github.com/go-redis/redis_rate/v10 v10.0.1/go.mod h1:EMiuO9+cjRkR7UvdvwMO7vbgqJkltQHtwbdIQvaBKIU=
github.com/hashicorp/golang-lru v0.5.4 h1:YDjusn29QI/Das2iO9M0BHnIbxPeyuCHsjMW+lJfyTc=
github.com/hashicorp/golang-lru v0.5.4/go.mod h1:iADmTwqILo4mZ8BN3D2Q6+9jd8WM5uGBxy+E8yxSoD4=
github.com/iron-io/iron_go3 v0.0.0-20190916120531-a4a7f74b73ac h1:w5wltlINIIqRTqQ64dASrCo0fM7k9nosPbKCZnkL0W0=
github.com/iron-io/iron_go3 v0.0.0-20190916120531-a4a7f74b73ac/go.mod h1:gyMTRVO+ZkEy7wQDyD++okPsBN2q127EpuShhHMWG54=
github.com/jeffh/go.bdd v0.0.0-20120717032931-88f798ee0c74 h1:gyfyP8SEIZHs1u2ivTdIbWRtfaKbg5K79d06vnqroJo=
github.com/klauspost/compress v1.15.1 h1:y9FcTHGyrebwfP0ZZqFiaxTaiDnUrGkJkI+f583BL1A=
github.com/klauspost/compress v1.15.1/go.mod h1:/3/Vjq9QcHkK5uEr5lBEmyoZ1iFhe47etQ6QUkpK6sk=
github.com/nxadm/tail v1.4.8 h1:nPr65rt6Y5JFSKQO7qToXr7pePgD6Gwiw05lkbyAQTE=
github.com/onsi/ginkgo v1.16.5 h1:8xi0RTUf59SOSfEtZMvwTvXYMzG4gV23XVHOZiXNtnE=
github.com/onsi/gomega v1.18.1 h1:M1GfJqGRrBrrGGsbxzV5dqM2U2ApXefZCQpkukxYRLE=
github.com/pmezard/go-difflib v1.0.0 h1:4DBwDE0NGyQoBHbLQYPwSUPoCMWR5BEzIk/f1lZbAQM=
github.com/pmezard/go-difflib v1.0.0/go.mod h1:iKH77koFhYxTK1pcRnkKkqfTogsbg7gZNVY4sRDYZ/4=
github.com/redis/go-redis/v9 v9.0.2 h1:BA426Zqe/7r56kCcvxYLWe1mkaz71LKF77GwgFzSxfE=
github.com/redis/go-redis/v9 v9.0.2/go.mod h1:/xDTe9EF1LM61hek62Poq2nzQSGj0xSrEtEHbBQevps=
github.com/satori/go.uuid v1.2.0 h1:0uYX9dsZ2yD7q2RtLRtPSdGDWzjeM3TbMJP9utgA0ww=
github.com/stretchr/objx v0.1.0/go.mod h1:HFkY916IF+rwdDfMAkV7OtwuqBVzrE8GR6GFx+wExME=
github.com/stretchr/testify v1.6.1/go.mod h1:6Fq8oRcR53rry900zMqJjRRixrwX3KX962/h/Wwjteg=
github.com/stretchr/testify v1.8.1 h1:w7B6lhMri9wdJUVmEZPGGhZzrYTPvgJArz7wNPgYKsk=
github.com/vmihailenco/msgpack/v5 v5.3.5 h1:5gO0H1iULLWGhs2H5tbAHIZTV8/cYafcFOr9znI5mJU=
github.com/vmihailenco/msgpack/v5 v5.3.5/go.mod h1:7xyJ9e+0+9SaZT0Wt1RGleJXzli6Q/V5KbhBonMG9jc=
github.com/vmihailenco/tagparser/v2 v2.0.0 h1:y09buUbR+b5aycVFQs/g70pqKVZNBmxwAhO7/IwNM9g=
github.com/vmihailenco/tagparser/v2 v2.0.0/go.mod h1:Wri+At7QHww0WTrCBeu4J6bNtoV6mEfg5OIWRZA9qds=
golang.org/x/net v0.0.0-20220127200216-cd36cc0744dd h1:O7DYs+zxREGLKzKoMQrtrEacpb0ZVXA5rIwylE2Xchk=
golang.org/x/sys v0.5.0 h1:MUK/U/4lj1t1oPg0HfuXDN/Z1wv31ZJ/YcPiGccS4DU=
golang.org/x/text v0.3.7 h1:olpwvP2KacW1ZWvsR7uQhoyTYvKAupfQrRGBFM352Gk=
gopkg.in/check.v1 v0.0.0-20161208181325-20d25e280405/go.mod h1:Co6ibVJAznAaIkqp8huTwlJQCZ016jof/cbN4VW5Yz0=
gopkg.in/tomb.v1 v1.0.0-20141024135613-dd632973f1e7 h1:uRGJdciOHaEIrze2W8Q3AKkepLTh2hOroT7a+7czfdQ=
gopkg.in/yaml.v2 v2.4.0 h1:D8xgwECY7CYvx+Y2n4sBz93Jn9JRvxdiyyo8CTfuKaY=
gopkg.in/yaml.v3 v3.0.0-20200313102051-9f266ea9e77c/go.mod h1:K4uyk7z7BCEPqu6E+C64Yfv1cQ7kz7rIZviUmN+EgEM=
gopkg.in/yaml.v3 v3.0.1 h1:fxVm/GzAzEWqLHuvctI91KS9hhNmmWOoWu0XTYJS7CA=
